
Microsoft Visual Studio Solution File, Format Version 12.00
# Visual Studio Version 16
VisualStudioVersion = 16.0.31129.286
MinimumVisualStudioVersion = 10.0.40219.1
Project("{6EC3EE1D-3C4E-46DD-8F32-0CC8E7565705}") = "HODI.Tests", "tests\HODI.Tests\HODI.Tests.fsproj", "{63E7D15D-416A-484A-9036-E1BEC20A22D3}"
EndProject
Project("{2150E333-8FDC-42A3-9474-1A3956D46DE8}") = "src", "src", "{001493D5-D2E4-4DDE-B689-FD51F77BF082}"
EndProject
Project("{6EC3EE1D-3C4E-46DD-8F32-0CC8E7565705}") = "HODI", "src\HODI\HODI.fsproj", "{FD3738FD-D92A-4AA5-BDA3-6D56506E7E22}"
EndProject
Project("{2150E333-8FDC-42A3-9474-1A3956D46DE8}") = "Solution Items", "Solution Items", "{33A3D58B-24E5-41AA-93AE-39337B728AB0}"
	ProjectSection(SolutionItems) = preProject
		.github\workflows\dotnet.yml = .github\workflows\dotnet.yml
		LICENSE = LICENSE
		nuget.config = nuget.config
		README.md = README.md
	EndProjectSection
EndProject
Global
	GlobalSection(SolutionConfigurationPlatforms) = preSolution
		Debug|Any CPU = Debug|Any CPU
		Release|Any CPU = Release|Any CPU
	EndGlobalSection
	GlobalSection(ProjectConfigurationPlatforms) = postSolution
		{63E7D15D-416A-484A-9036-E1BEC20A22D3}.Debug|Any CPU.ActiveCfg = Debug|Any CPU
		{63E7D15D-416A-484A-9036-E1BEC20A22D3}.Debug|Any CPU.Build.0 = Debug|Any CPU
		{63E7D15D-416A-484A-9036-E1BEC20A22D3}.Release|Any CPU.ActiveCfg = Release|Any CPU
		{63E7D15D-416A-484A-9036-E1BEC20A22D3}.Release|Any CPU.Build.0 = Release|Any CPU
		{FD3738FD-D92A-4AA5-BDA3-6D56506E7E22}.Debug|Any CPU.ActiveCfg = Debug|Any CPU
		{FD3738FD-D92A-4AA5-BDA3-6D56506E7E22}.Debug|Any CPU.Build.0 = Debug|Any CPU
		{FD3738FD-D92A-4AA5-BDA3-6D56506E7E22}.Release|Any CPU.ActiveCfg = Release|Any CPU
		{FD3738FD-D92A-4AA5-BDA3-6D56506E7E22}.Release|Any CPU.Build.0 = Release|Any CPU
	EndGlobalSection
	GlobalSection(SolutionProperties) = preSolution
		HideSolutionNode = FALSE
	EndGlobalSection
	GlobalSection(NestedProjects) = preSolution
		{FD3738FD-D92A-4AA5-BDA3-6D56506E7E22} = {001493D5-D2E4-4DDE-B689-FD51F77BF082}
	EndGlobalSection
	GlobalSection(ExtensibilityGlobals) = postSolution
		SolutionGuid = {32A9AED6-3F24-4048-8835-CBE146C07C2B}
	EndGlobalSection
EndGlobal
